{
  "version": 4,
  "terraform_version": "1.14.3",
  "serial": 7,
  "lineage": "14469677-2b8e-2c51-7c61-8308d6bd6eb9",
  "outputs": {
    "bucket_name": {
      "value": "tf-state-apt-reference-422218-h1",
      "type": "string"
    },
    "org_id": {
      "value": "859503011406",
      "type": "string"
    },
    "project_id": {
      "value": "apt-reference-422218-h1",
      "type": "string"
    },
    "region": {
      "value": "us-central1",
      "type": "string"
    },
    "service_account_email": {
      "value": "terraform-ci-sa@apt-reference-422218-h1.iam.gserviceaccount.com",
      "type": "string"
    }
  },
  "resources": [
    {
      "mode": "managed",
      "type": "google_organization_iam_member",
      "name": "org_folder_admin",
      "provider": "provider[\"registry.terraform.io/hashicorp/google\"]",
      "instances": [
        {
          "schema_version": 0,
          "attributes": {
            "condition": [],
            "etag": "BwZH6DVmKjI=",
            "id": "859503011406/roles/resourcemanager.folderAdmin/serviceAccount:terraform-ci-sa@apt-reference-422218-h1.iam.gserviceaccount.com",
            "member": "serviceAccount:terraform-ci-sa@apt-reference-422218-h1.iam.gserviceaccount.com",
            "org_id": "859503011406",
            "role": "roles/resourcemanager.folderAdmin"
          },
          "sensitive_attributes": [],
          "identity_schema_version": 0,
          "private": "bnVsbA==",
          "dependencies": [
            "google_service_account.terraform_ci"
          ]
        }
      ]
    },
    {
      "mode": "managed",
      "type": "google_organization_iam_member",
      "name": "org_project_creator",
      "provider": "provider[\"registry.terraform.io/hashicorp/google\"]",
      "instances": [
        {
          "schema_version": 0,
          "attributes": {
            "condition": [],
            "etag": "BwZH6DVmKjI=",
            "id": "859503011406/roles/resourcemanager.projectCreator/serviceAccount:terraform-ci-sa@apt-reference-422218-h1.iam.gserviceaccount.com",
            "member": "serviceAccount:terraform-ci-sa@apt-reference-422218-h1.iam.gserviceaccount.com",
            "org_id": "859503011406",
            "role": "roles/resourcemanager.projectCreator"
          },
          "sensitive_attributes": [],
          "identity_schema_version": 0,
          "private": "bnVsbA==",
          "dependencies": [
            "google_service_account.terraform_ci"
          ]
        }
      ]
    },
    {
      "mode": "managed",
      "type": "google_organization_iam_member",
      "name": "org_sa_admin",
      "provider": "provider[\"registry.terraform.io/hashicorp/google\"]",
      "instances": [
        {
          "schema_version": 0,
          "attributes": {
            "condition": [],
            "etag": "BwZH6DVmKjI=",
            "id": "859503011406/roles/iam.serviceAccountAdmin/serviceAccount:terraform-ci-sa@apt-reference-422218-h1.iam.gserviceaccount.com",
            "member": "serviceAccount:terraform-ci-sa@apt-reference-422218-h1.iam.gserviceaccount.com",
            "org_id": "859503011406",
            "role": "roles/iam.serviceAccountAdmin"
          },
          "sensitive_attributes": [],
          "identity_schema_version": 0,
          "private": "bnVsbA==",
          "dependencies": [
            "google_service_account.terraform_ci"
          ]
        }
      ]
    },
    {
      "mode": "managed",
      "type": "google_service_account",
      "name": "terraform_ci",
      "provider": "provider[\"registry.terraform.io/hashicorp/google\"]",
      "instances": [
        {
          "schema_version": 0,
          "attributes": {
            "account_id": "terraform-ci-sa",
            "create_ignore_already_exists": null,
            "description": "",
            "disabled": false,
            "display_name": "Terraform CI/CD Automation Bot",
            "email": "terraform-ci-sa@apt-reference-422218-h1.iam.gserviceaccount.com",
            "id": "projects/apt-reference-422218-h1/serviceAccounts/terraform-ci-sa@apt-reference-422218-h1.iam.gserviceaccount.com",
            "member": "serviceAccount:terraform-ci-sa@apt-reference-422218-h1.iam.gserviceaccount.com",
            "name": "projects/apt-reference-422218-h1/serviceAccounts/terraform-ci-sa@apt-reference-422218-h1.iam.gserviceaccount.com",
            "project": "apt-reference-422218-h1",
            "timeouts": null,
            "unique_id": "114803747451241756985"
          },
          "sensitive_attributes": [],
          "identity_schema_version": 0,
          "private": "eyJlMmJmYjczMC1lY2FhLTExZTYtOGY4OC0zNDM2M2JjN2M0YzAiOnsiY3JlYXRlIjozMDAwMDAwMDAwMDB9fQ=="
        }
      ]
    },
    {
      "mode": "managed",
      "type": "google_storage_bucket",
      "name": "tf_state",
      "provider": "provider[\"registry.terraform.io/hashicorp/google\"]",
      "instances": [
        {
          "schema_version": 4,
          "attributes": {
            "autoclass": [],
            "cors": [],
            "custom_placement_config": [],
            "default_event_based_hold": false,
            "effective_labels": {
              "goog-terraform-provisioned": "true"
            },
            "enable_object_retention": false,
            "encryption": [],
            "force_destroy": false,
            "hierarchical_namespace": [
              {
                "enabled": false
              }
            ],
            "id": "tf-state-apt-reference-422218-h1",
            "ip_filter": [],
            "labels": null,
            "lifecycle_rule": [],
            "location": "US-CENTRAL1",
            "logging": [],
            "name": "tf-state-apt-reference-422218-h1",
            "project": "apt-reference-422218-h1",
            "project_number": 154833925882,
            "public_access_prevention": "inherited",
            "requester_pays": false,
            "retention_policy": [],
            "rpo": null,
            "self_link": "https://www.googleapis.com/storage/v1/b/tf-state-apt-reference-422218-h1",
            "soft_delete_policy": [
              {
                "effective_time": "2026-01-08T22:47:53.567Z",
                "retention_duration_seconds": 604800
              }
            ],
            "storage_class": "STANDARD",
            "terraform_labels": {
              "goog-terraform-provisioned": "true"
            },
            "time_created": "2026-01-08T22:47:53.567Z",
            "timeouts": null,
            "uniform_bucket_level_access": true,
            "updated": "2026-01-08T22:47:53.567Z",
            "url": "gs://tf-state-apt-reference-422218-h1",
            "versioning": [
              {
                "enabled": true
              }
            ],
            "website": []
          },
          "sensitive_attributes": [],
          "identity_schema_version": 0,
          "private": "eyJlMmJmYjczMC1lY2FhLTExZTYtOGY4OC0zNDM2M2JjN2M0YzAiOnsiY3JlYXRlIjo2MDAwMDAwMDAwMDAsInJlYWQiOjI0MDAwMDAwMDAwMCwidXBkYXRlIjoyNDAwMDAwMDAwMDB9LCJzY2hlbWFfdmVyc2lvbiI6IjQifQ=="
        }
      ]
    },
    {
      "mode": "managed",
      "type": "google_storage_bucket_iam_member",
      "name": "sa_bucket_admin",
      "provider": "provider[\"registry.terraform.io/hashicorp/google\"]",
      "instances": [
        {
          "schema_version": 0,
          "attributes": {
            "bucket": "b/tf-state-apt-reference-422218-h1",
            "condition": [],
            "etag": "CAI=",
            "id": "b/tf-state-apt-reference-422218-h1/roles/storage.admin/serviceAccount:terraform-ci-sa@apt-reference-422218-h1.iam.gserviceaccount.com",
            "member": "serviceAccount:terraform-ci-sa@apt-reference-422218-h1.iam.gserviceaccount.com",
            "role": "roles/storage.admin",
            "timeouts": null
          },
          "sensitive_attributes": [],
          "identity_schema_version": 0,
          "private": "eyJlMmJmYjczMC1lY2FhLTExZTYtOGY4OC0zNDM2M2JjN2M0YzAiOnsiY3JlYXRlIjoxMjAwMDAwMDAwMDAwfX0=",
          "dependencies": [
            "google_service_account.terraform_ci",
            "google_storage_bucket.tf_state"
          ]
        }
      ]
    }
  ],
  "check_results": null
}
